
Microsoft Visual Studio Solution File, Format Version 12.00
# Visual Studio Version 17
VisualStudioVersion = 17.14.36401.2
MinimumVisualStudioVersion = 10.0.40219.1
Project("{FAE04EC0-301F-11D3-BF4B-00C04F79EFBC}") = "seminar-01", "seminar-01.csproj", "{45E07049-3D61-DEAA-6A33-8CE36E150797}"
EndProject
Project("{FAE04EC0-301F-11D3-BF4B-00C04F79EFBC}") = "seminar-02", "..\seminar-02\seminar-02.csproj", "{52BD1D74-DBA0-4A70-8258-478423B88EA3}"
EndProject
Project("{FAE04EC0-301F-11D3-BF4B-00C04F79EFBC}") = "seminar-03", "..\seminar-03\seminar-03.csproj", "{FA892F7D-E153-4A1B-A7A2-88D573088C13}"
EndProject
Project("{FAE04EC0-301F-11D3-BF4B-00C04F79EFBC}") = "seminar-04", "..\seminar-04\seminar-04.csproj", "{EB5F48A1-A131-4ECB-9F44-58796BA95374}"
EndProject
Project("{FAE04EC0-301F-11D3-BF4B-00C04F79EFBC}") = "seminar-21", "..\seminar-21\seminar-21.csproj", "{D482BB47-0267-4691-A031-29F58BC6B7AF}"
EndProject
Project("{FAE04EC0-301F-11D3-BF4B-00C04F79EFBC}") = "seminar-22", "..\seminar-22\seminar-22.csproj", "{2E8DF2F9-DC12-4618-A590-0AEEBD737429}"
EndProject
Project("{FAE04EC0-301F-11D3-BF4B-00C04F79EFBC}") = "seminar-21-2", "..\seminar-21-2\seminar-21-2.csproj", "{2F62EB5A-8AD5-4252-B178-CFC2DF45AEBE}"
EndProject
Project("{FAE04EC0-301F-11D3-BF4B-00C04F79EFBC}") = "seminar-21-3", "..\seminar-21-3\seminar-21-3.csproj", "{32E7793A-B355-4904-8335-95CDD8FAA925}"
EndProject
Global
	GlobalSection(SolutionConfigurationPlatforms) = preSolution
		Debug|Any CPU = Debug|Any CPU
		Release|Any CPU = Release|Any CPU
	EndGlobalSection
	GlobalSection(ProjectConfigurationPlatforms) = postSolution
		{45E07049-3D61-DEAA-6A33-8CE36E150797}.Debug|Any CPU.ActiveCfg = Debug|Any CPU
		{45E07049-3D61-DEAA-6A33-8CE36E150797}.Debug|Any CPU.Build.0 = Debug|Any CPU
		{45E07049-3D61-DEAA-6A33-8CE36E150797}.Release|Any CPU.ActiveCfg = Release|Any CPU
		{45E07049-3D61-DEAA-6A33-8CE36E150797}.Release|Any CPU.Build.0 = Release|Any CPU
		{52BD1D74-DBA0-4A70-8258-478423B88EA3}.Debug|Any CPU.ActiveCfg = Debug|Any CPU
		{52BD1D74-DBA0-4A70-8258-478423B88EA3}.Debug|Any CPU.Build.0 = Debug|Any CPU
		{52BD1D74-DBA0-4A70-8258-478423B88EA3}.Release|Any CPU.ActiveCfg = Release|Any CPU
		{52BD1D74-DBA0-4A70-8258-478423B88EA3}.Release|Any CPU.Build.0 = Release|Any CPU
		{FA892F7D-E153-4A1B-A7A2-88D573088C13}.Debug|Any CPU.ActiveCfg = Debug|Any CPU
		{FA892F7D-E153-4A1B-A7A2-88D573088C13}.Debug|Any CPU.Build.0 = Debug|Any CPU
		{FA892F7D-E153-4A1B-A7A2-88D573088C13}.Release|Any CPU.ActiveCfg = Release|Any CPU
		{FA892F7D-E153-4A1B-A7A2-88D573088C13}.Release|Any CPU.Build.0 = Release|Any CPU
		{EB5F48A1-A131-4ECB-9F44-58796BA95374}.Debug|Any CPU.ActiveCfg = Debug|Any CPU
		{EB5F48A1-A131-4ECB-9F44-58796BA95374}.Debug|Any CPU.Build.0 = Debug|Any CPU
		{EB5F48A1-A131-4ECB-9F44-58796BA95374}.Release|Any CPU.ActiveCfg = Release|Any CPU
		{EB5F48A1-A131-4ECB-9F44-58796BA95374}.Release|Any CPU.Build.0 = Release|Any CPU
		{D482BB47-0267-4691-A031-29F58BC6B7AF}.Debug|Any CPU.ActiveCfg = Debug|Any CPU
		{D482BB47-0267-4691-A031-29F58BC6B7AF}.Debug|Any CPU.Build.0 = Debug|Any CPU
		{D482BB47-0267-4691-A031-29F58BC6B7AF}.Release|Any CPU.ActiveCfg = Release|Any CPU
		{D482BB47-0267-4691-A031-29F58BC6B7AF}.Release|Any CPU.Build.0 = Release|Any CPU
		{2E8DF2F9-DC12-4618-A590-0AEEBD737429}.Debug|Any CPU.ActiveCfg = Debug|Any CPU
		{2E8DF2F9-DC12-4618-A590-0AEEBD737429}.Debug|Any CPU.Build.0 = Debug|Any CPU
		{2E8DF2F9-DC12-4618-A590-0AEEBD737429}.Release|Any CPU.ActiveCfg = Release|Any CPU
		{2E8DF2F9-DC12-4618-A590-0AEEBD737429}.Release|Any CPU.Build.0 = Release|Any CPU
		{2F62EB5A-8AD5-4252-B178-CFC2DF45AEBE}.Debug|Any CPU.ActiveCfg = Debug|Any CPU
		{2F62EB5A-8AD5-4252-B178-CFC2DF45AEBE}.Debug|Any CPU.Build.0 = Debug|Any CPU
		{2F62EB5A-8AD5-4252-B178-CFC2DF45AEBE}.Release|Any CPU.ActiveCfg = Release|Any CPU
		{2F62EB5A-8AD5-4252-B178-CFC2DF45AEBE}.Release|Any CPU.Build.0 = Release|Any CPU
		{32E7793A-B355-4904-8335-95CDD8FAA925}.Debug|Any CPU.ActiveCfg = Debug|Any CPU
		{32E7793A-B355-4904-8335-95CDD8FAA925}.Debug|Any CPU.Build.0 = Debug|Any CPU
		{32E7793A-B355-4904-8335-95CDD8FAA925}.Release|Any CPU.ActiveCfg = Release|Any CPU
		{32E7793A-B355-4904-8335-95CDD8FAA925}.Release|Any CPU.Build.0 = Release|Any CPU
	EndGlobalSection
	GlobalSection(SolutionProperties) = preSolution
		HideSolutionNode = FALSE
	EndGlobalSection
	GlobalSection(ExtensibilityGlobals) = postSolution
		SolutionGuid = {6BF4996B-006D-4AEC-816F-2213F984E108}
	EndGlobalSection
EndGlobal
